{"persistence.nvim": {"commit": "251e895"}, "navigator.nvim": {"commit": "0c57f67"}, "nvim-toggleterm.lua": {"commit": "2a787c4"}, "packer.nvim": {"commit": "6afb674"}, "nvim-lspconfig": {"commit": "0b3e5ce"}, "neoscroll.nvim": {"commit": "54c5c41"}, "dirbuf.nvim": {"commit": "ac7ad3c"}, "vim-abolish": {"commit": "3f0c8fa"}, "gitignore": {"commit": "061c5c7"}, "null-ls.nvim": {"commit": "bc1fc91"}, "telescope-ui-select.nvim": {"commit": "62ea5e5"}, "which-key.nvim": {"commit": "a03265e"}, "nvim-treesitter-textobjects": {"commit": "13739a5"}, "nvim-autopairs": {"commit": "4fc96c8"}, "cmp_luasnip": {"commit": "a9de941"}, "vim-fetch": {"commit": "0a6ab17"}, "luasnip": {"commit": "663d544"}, "firenvim": {"commit": "2f0ee85"}, "settle.nvim": {"commit": "dc6c5aa"}, "nrpattern.nvim": {"commit": "d9f692b"}, "indent-blankline.nvim": {"commit": "db7cbcb"}, "cmp-cmdline": {"commit": "c66c379"}, "cmp-nvim-lsp-signature-help": {"commit": "d2768cb"}, "telescope.nvim": {"commit": "f174a03"}, "vim-python-pep8-indent": {"commit": "60ba5e1"}, "Comment.nvim": {"commit": "ad7ffa8"}, "vim-sensible": {"commit": "8985da7"}, "nvim-osc52": {"commit": "87069dc"}, "nvim-treesitter-refactor": {"commit": "75f5895"}, "playground": {"commit": "e6a0bfa"}, "heirline.nvim": {"commit": "5630b0d"}, "vim-grepper": {"commit": "2b93535"}, "vim-git": {"commit": "5143bea"}, "cmp-nvim-lsp": {"commit": "3cf38d9"}, "nvim-treesitter": {"commit": "3eb6577"}, "vim-editorconfig": {"commit": "5c3a5b4"}, "impatient.nvim": {"commit": "b842e16"}, "vim-eunuch": {"commit": "291ef1f"}, "targets.vim": {"commit": "8d6ff29"}, "fidget.nvim": {"commit": "1097a86"}, "inc-rename.nvim": {"commit": "ce0e1d7"}, "plenary.nvim": {"commit": "4b7e520"}, "nvim-surround": {"commit": "81f672a"}, "nvim-cmp": {"commit": "cdb7766"}, "goto-preview": {"commit": "778cf60"}, "vim-rsi": {"commit": "4c673fb"}, "neodev.nvim": {"commit": "e23d90e"}, "vim-repeat": {"commit": "24afe92"}, "cmp-path": {"commit": "91ff86c"}, "cmp-buffer": {"commit": "3022dbc"}}
